
Microsoft Visual Studio Solution File, Format Version 12.00
# Visual Studio Version 17
VisualStudioVersion = 17.8.34322.80
MinimumVisualStudioVersion = 10.0.40219.1
Project("{FAE04EC0-301F-11D3-BF4B-00C04F79EFBC}") = "WebAppPartial", "WebAppPartial\WebAppPartial.csproj", "{308F5C17-09C0-4593-8A90-BD11CCE4C1C9}"
EndProject
Global
	GlobalSection(SolutionConfigurationPlatforms) = preSolution
		Debug|Any CPU = Debug|Any CPU
		Release|Any CPU = Release|Any CPU
	EndGlobalSection
	GlobalSection(ProjectConfigurationPlatforms) = postSolution
		{308F5C17-09C0-4593-8A90-BD11CCE4C1C9}.Debug|Any CPU.ActiveCfg = Debug|Any CPU
		{308F5C17-09C0-4593-8A90-BD11CCE4C1C9}.Debug|Any CPU.Build.0 = Debug|Any CPU
		{308F5C17-09C0-4593-8A90-BD11CCE4C1C9}.Release|Any CPU.ActiveCfg = Release|Any CPU
		{308F5C17-09C0-4593-8A90-BD11CCE4C1C9}.Release|Any CPU.Build.0 = Release|Any CPU
	EndGlobalSection
	GlobalSection(SolutionProperties) = preSolution
		HideSolutionNode = FALSE
	EndGlobalSection
	GlobalSection(ExtensibilityGlobals) = postSolution
		SolutionGuid = {62E9536A-03C1-4137-ADE7-71356BAFCC1B}
	EndGlobalSection
EndGlobal
